
Microsoft Visual Studio Solution File, Format Version 12.00
# Visual Studio Version 16
VisualStudioVersion = 16.0.29905.134
MinimumVisualStudioVersion = 10.0.40219.1
Project("{FAE04EC0-301F-11D3-BF4B-00C04F79EFBC}") = "InventoryWeb", "InventoryWeb\InventoryWeb.csproj", "{4FB472F6-3D25-4EE3-860D-7152A4922FBF}"
EndProject
Project("{FAE04EC0-301F-11D3-BF4B-00C04F79EFBC}") = "Common", "Common\Common.csproj", "{2C300E1B-E732-4DE4-BBC2-FB9DA307AB62}"
EndProject
Project("{FAE04EC0-301F-11D3-BF4B-00C04F79EFBC}") = "Entities", "Entities\Entities.csproj", "{5A7B1248-4FF1-4F2D-8432-7047614DA870}"
EndProject
Global
	GlobalSection(SolutionConfigurationPlatforms) = preSolution
		Debug|Any CPU = Debug|Any CPU
		Release|Any CPU = Release|Any CPU
	EndGlobalSection
	GlobalSection(ProjectConfigurationPlatforms) = postSolution
		{4FB472F6-3D25-4EE3-860D-7152A4922FBF}.Debug|Any CPU.ActiveCfg = Debug|Any CPU
		{4FB472F6-3D25-4EE3-860D-7152A4922FBF}.Debug|Any CPU.Build.0 = Debug|Any CPU
		{4FB472F6-3D25-4EE3-860D-7152A4922FBF}.Release|Any CPU.ActiveCfg = Release|Any CPU
		{4FB472F6-3D25-4EE3-860D-7152A4922FBF}.Release|Any CPU.Build.0 = Release|Any CPU
		{2C300E1B-E732-4DE4-BBC2-FB9DA307AB62}.Debug|Any CPU.ActiveCfg = Debug|Any CPU
		{2C300E1B-E732-4DE4-BBC2-FB9DA307AB62}.Debug|Any CPU.Build.0 = Debug|Any CPU
		{2C300E1B-E732-4DE4-BBC2-FB9DA307AB62}.Release|Any CPU.ActiveCfg = Release|Any CPU
		{2C300E1B-E732-4DE4-BBC2-FB9DA307AB62}.Release|Any CPU.Build.0 = Release|Any CPU
		{5A7B1248-4FF1-4F2D-8432-7047614DA870}.Debug|Any CPU.ActiveCfg = Debug|Any CPU
		{5A7B1248-4FF1-4F2D-8432-7047614DA870}.Debug|Any CPU.Build.0 = Debug|Any CPU
		{5A7B1248-4FF1-4F2D-8432-7047614DA870}.Release|Any CPU.ActiveCfg = Release|Any CPU
		{5A7B1248-4FF1-4F2D-8432-7047614DA870}.Release|Any CPU.Build.0 = Release|Any CPU
	EndGlobalSection
	GlobalSection(SolutionProperties) = preSolution
		HideSolutionNode = FALSE
	EndGlobalSection
	GlobalSection(ExtensibilityGlobals) = postSolution
		SolutionGuid = {D54DB94E-5B68-424B-B4C0-228D4AF13341}
	EndGlobalSection
EndGlobal
